
Microsoft Visual Studio Solution File, Format Version 12.00
# Visual Studio Version 17
VisualStudioVersion = 17.11.35327.3
MinimumVisualStudioVersion = 10.0.40219.1
Project("{2150E333-8FDC-42A3-9474-1A3956D46DE8}") = "Services", "Services", "{5402B79E-2D8D-4735-BD89-0A42D9536A63}"
EndProject
Project("{2150E333-8FDC-42A3-9474-1A3956D46DE8}") = "Catalog", "Catalog", "{7DC606D0-AFD2-4412-A881-869D309712BE}"
EndProject
Project("{9A19103F-16F7-4668-BE54-9A1E7A4F7556}") = "Catalog.API", "Services\Catalog\Catalog.API\Catalog.API.csproj", "{452BB613-2105-4643-8281-32721C1BB3F8}"
EndProject
Project("{9A19103F-16F7-4668-BE54-9A1E7A4F7556}") = "Catalog.Application", "Services\Catalog\Catalog.Application\Catalog.Application.csproj", "{A15CB373-3761-455E-8C3F-1444291806A0}"
EndProject
Project("{9A19103F-16F7-4668-BE54-9A1E7A4F7556}") = "Catalog.Core", "Services\Catalog\Catalog.Core\Catalog.Core.csproj", "{2D4BDED8-0D22-42BC-90D0-EC8BEB655D39}"
EndProject
Project("{9A19103F-16F7-4668-BE54-9A1E7A4F7556}") = "Catalog.Infrastructure", "Services\Catalog\Catalog.Infrastructure\Catalog.Infrastructure.csproj", "{3D4AA186-EB4A-4995-AA41-729AC06E4FF9}"
EndProject
Project("{2150E333-8FDC-42A3-9474-1A3956D46DE8}") = "Basket", "Basket", "{1B006067-AA82-4799-B37B-38101EEC2FD3}"
EndProject
Project("{9A19103F-16F7-4668-BE54-9A1E7A4F7556}") = "Basket.Core", "Services\Basket\Basket.Core\Basket.Core.csproj", "{054C8309-B7F1-4E43-AEFF-D4C43F107555}"
EndProject
Project("{9A19103F-16F7-4668-BE54-9A1E7A4F7556}") = "Basket.Application", "Services\Basket\Basket.Application\Basket.Application.csproj", "{7B233A2F-AA73-4ED5-819A-4331B94AE6FF}"
EndProject
Project("{9A19103F-16F7-4668-BE54-9A1E7A4F7556}") = "Basket.Infrastructure", "Services\Basket\Basket.Infrastructure\Basket.Infrastructure.csproj", "{6A9BDA23-AC87-4880-862F-3FFA39C78E06}"
EndProject
Project("{9A19103F-16F7-4668-BE54-9A1E7A4F7556}") = "Basket.API", "Services\Basket\Basket.API\Basket.API.csproj", "{A7DF8524-7130-4124-BFF2-E0DECD32DEA5}"
EndProject
Project("{E53339B2-1760-4266-BCC7-CA923CBCF16C}") = "docker-compose", "docker-compose.dcproj", "{2A4DC43A-F3BE-4364-9D49-6A0A19FDE495}"
EndProject
Project("{2150E333-8FDC-42A3-9474-1A3956D46DE8}") = "Discount", "Discount", "{AEA17DCC-A016-493A-B706-FA4A327FF4CD}"
EndProject
Project("{FAE04EC0-301F-11D3-BF4B-00C04F79EFBC}") = "Discount.API", "Services\Discount\Discount.API\Discount.API.csproj", "{EC0F4E15-483E-4456-8E84-7199066DC32F}"
EndProject
Project("{FAE04EC0-301F-11D3-BF4B-00C04F79EFBC}") = "Discount.Application", "Services\Discount\Discount.Application\Discount.Application.csproj", "{C7463270-4DBF-4CB2-B361-7D628A9AFADF}"
EndProject
Project("{FAE04EC0-301F-11D3-BF4B-00C04F79EFBC}") = "Discount.Core", "Services\Discount\Discount.Core\Discount.Core.csproj", "{56BDF291-03BD-473C-953D-3D460A2EDD92}"
EndProject
Project("{FAE04EC0-301F-11D3-BF4B-00C04F79EFBC}") = "Discount.Infrastructure", "Services\Discount\Discount.Infrastructure\Discount.Infrastructure.csproj", "{7EFAC662-70A7-4FFE-BEC7-020F2349298D}"
EndProject
Global
	GlobalSection(SolutionConfigurationPlatforms) = preSolution
		Debug|Any CPU = Debug|Any CPU
		Release|Any CPU = Release|Any CPU
	EndGlobalSection
	GlobalSection(ProjectConfigurationPlatforms) = postSolution
		{452BB613-2105-4643-8281-32721C1BB3F8}.Debug|Any CPU.ActiveCfg = Debug|Any CPU
		{452BB613-2105-4643-8281-32721C1BB3F8}.Debug|Any CPU.Build.0 = Debug|Any CPU
		{452BB613-2105-4643-8281-32721C1BB3F8}.Release|Any CPU.ActiveCfg = Release|Any CPU
		{452BB613-2105-4643-8281-32721C1BB3F8}.Release|Any CPU.Build.0 = Release|Any CPU
		{A15CB373-3761-455E-8C3F-1444291806A0}.Debug|Any CPU.ActiveCfg = Debug|Any CPU
		{A15CB373-3761-455E-8C3F-1444291806A0}.Debug|Any CPU.Build.0 = Debug|Any CPU
		{A15CB373-3761-455E-8C3F-1444291806A0}.Release|Any CPU.ActiveCfg = Release|Any CPU
		{A15CB373-3761-455E-8C3F-1444291806A0}.Release|Any CPU.Build.0 = Release|Any CPU
		{2D4BDED8-0D22-42BC-90D0-EC8BEB655D39}.Debug|Any CPU.ActiveCfg = Debug|Any CPU
		{2D4BDED8-0D22-42BC-90D0-EC8BEB655D39}.Debug|Any CPU.Build.0 = Debug|Any CPU
		{2D4BDED8-0D22-42BC-90D0-EC8BEB655D39}.Release|Any CPU.ActiveCfg = Release|Any CPU
		{2D4BDED8-0D22-42BC-90D0-EC8BEB655D39}.Release|Any CPU.Build.0 = Release|Any CPU
		{3D4AA186-EB4A-4995-AA41-729AC06E4FF9}.Debug|Any CPU.ActiveCfg = Debug|Any CPU
		{3D4AA186-EB4A-4995-AA41-729AC06E4FF9}.Debug|Any CPU.Build.0 = Debug|Any CPU
		{3D4AA186-EB4A-4995-AA41-729AC06E4FF9}.Release|Any CPU.ActiveCfg = Release|Any CPU
		{3D4AA186-EB4A-4995-AA41-729AC06E4FF9}.Release|Any CPU.Build.0 = Release|Any CPU
		{054C8309-B7F1-4E43-AEFF-D4C43F107555}.Debug|Any CPU.ActiveCfg = Debug|Any CPU
		{054C8309-B7F1-4E43-AEFF-D4C43F107555}.Debug|Any CPU.Build.0 = Debug|Any CPU
		{054C8309-B7F1-4E43-AEFF-D4C43F107555}.Release|Any CPU.ActiveCfg = Release|Any CPU
		{054C8309-B7F1-4E43-AEFF-D4C43F107555}.Release|Any CPU.Build.0 = Release|Any CPU
		{7B233A2F-AA73-4ED5-819A-4331B94AE6FF}.Debug|Any CPU.ActiveCfg = Debug|Any CPU
		{7B233A2F-AA73-4ED5-819A-4331B94AE6FF}.Debug|Any CPU.Build.0 = Debug|Any CPU
		{7B233A2F-AA73-4ED5-819A-4331B94AE6FF}.Release|Any CPU.ActiveCfg = Release|Any CPU
		{7B233A2F-AA73-4ED5-819A-4331B94AE6FF}.Release|Any CPU.Build.0 = Release|Any CPU
		{6A9BDA23-AC87-4880-862F-3FFA39C78E06}.Debug|Any CPU.ActiveCfg = Debug|Any CPU
		{6A9BDA23-AC87-4880-862F-3FFA39C78E06}.Debug|Any CPU.Build.0 = Debug|Any CPU
		{6A9BDA23-AC87-4880-862F-3FFA39C78E06}.Release|Any CPU.ActiveCfg = Release|Any CPU
		{6A9BDA23-AC87-4880-862F-3FFA39C78E06}.Release|Any CPU.Build.0 = Release|Any CPU
		{A7DF8524-7130-4124-BFF2-E0DECD32DEA5}.Debug|Any CPU.ActiveCfg = Debug|Any CPU
		{A7DF8524-7130-4124-BFF2-E0DECD32DEA5}.Debug|Any CPU.Build.0 = Debug|Any CPU
		{A7DF8524-7130-4124-BFF2-E0DECD32DEA5}.Release|Any CPU.ActiveCfg = Release|Any CPU
		{A7DF8524-7130-4124-BFF2-E0DECD32DEA5}.Release|Any CPU.Build.0 = Release|Any CPU
		{2A4DC43A-F3BE-4364-9D49-6A0A19FDE495}.Debug|Any CPU.ActiveCfg = Debug|Any CPU
		{2A4DC43A-F3BE-4364-9D49-6A0A19FDE495}.Debug|Any CPU.Build.0 = Debug|Any CPU
		{2A4DC43A-F3BE-4364-9D49-6A0A19FDE495}.Release|Any CPU.ActiveCfg = Release|Any CPU
		{2A4DC43A-F3BE-4364-9D49-6A0A19FDE495}.Release|Any CPU.Build.0 = Release|Any CPU
		{EC0F4E15-483E-4456-8E84-7199066DC32F}.Debug|Any CPU.ActiveCfg = Debug|Any CPU
		{EC0F4E15-483E-4456-8E84-7199066DC32F}.Debug|Any CPU.Build.0 = Debug|Any CPU
		{EC0F4E15-483E-4456-8E84-7199066DC32F}.Release|Any CPU.ActiveCfg = Release|Any CPU
		{EC0F4E15-483E-4456-8E84-7199066DC32F}.Release|Any CPU.Build.0 = Release|Any CPU
		{C7463270-4DBF-4CB2-B361-7D628A9AFADF}.Debug|Any CPU.ActiveCfg = Debug|Any CPU
		{C7463270-4DBF-4CB2-B361-7D628A9AFADF}.Debug|Any CPU.Build.0 = Debug|Any CPU
		{C7463270-4DBF-4CB2-B361-7D628A9AFADF}.Release|Any CPU.ActiveCfg = Release|Any CPU
		{C7463270-4DBF-4CB2-B361-7D628A9AFADF}.Release|Any CPU.Build.0 = Release|Any CPU
		{56BDF291-03BD-473C-953D-3D460A2EDD92}.Debug|Any CPU.ActiveCfg = Debug|Any CPU
		{56BDF291-03BD-473C-953D-3D460A2EDD92}.Debug|Any CPU.Build.0 = Debug|Any CPU
		{56BDF291-03BD-473C-953D-3D460A2EDD92}.Release|Any CPU.ActiveCfg = Release|Any CPU
		{56BDF291-03BD-473C-953D-3D460A2EDD92}.Release|Any CPU.Build.0 = Release|Any CPU
		{7EFAC662-70A7-4FFE-BEC7-020F2349298D}.Debug|Any CPU.ActiveCfg = Debug|Any CPU
		{7EFAC662-70A7-4FFE-BEC7-020F2349298D}.Debug|Any CPU.Build.0 = Debug|Any CPU
		{7EFAC662-70A7-4FFE-BEC7-020F2349298D}.Release|Any CPU.ActiveCfg = Release|Any CPU
		{7EFAC662-70A7-4FFE-BEC7-020F2349298D}.Release|Any CPU.Build.0 = Release|Any CPU
	EndGlobalSection
	GlobalSection(SolutionProperties) = preSolution
		HideSolutionNode = FALSE
	EndGlobalSection
	GlobalSection(NestedProjects) = preSolution
		{7DC606D0-AFD2-4412-A881-869D309712BE} = {5402B79E-2D8D-4735-BD89-0A42D9536A63}
		{452BB613-2105-4643-8281-32721C1BB3F8} = {7DC606D0-AFD2-4412-A881-869D309712BE}
		{A15CB373-3761-455E-8C3F-1444291806A0} = {7DC606D0-AFD2-4412-A881-869D309712BE}
		{2D4BDED8-0D22-42BC-90D0-EC8BEB655D39} = {7DC606D0-AFD2-4412-A881-869D309712BE}
		{3D4AA186-EB4A-4995-AA41-729AC06E4FF9} = {7DC606D0-AFD2-4412-A881-869D309712BE}
		{1B006067-AA82-4799-B37B-38101EEC2FD3} = {5402B79E-2D8D-4735-BD89-0A42D9536A63}
		{054C8309-B7F1-4E43-AEFF-D4C43F107555} = {1B006067-AA82-4799-B37B-38101EEC2FD3}
		{7B233A2F-AA73-4ED5-819A-4331B94AE6FF} = {1B006067-AA82-4799-B37B-38101EEC2FD3}
		{6A9BDA23-AC87-4880-862F-3FFA39C78E06} = {1B006067-AA82-4799-B37B-38101EEC2FD3}
		{A7DF8524-7130-4124-BFF2-E0DECD32DEA5} = {1B006067-AA82-4799-B37B-38101EEC2FD3}
		{AEA17DCC-A016-493A-B706-FA4A327FF4CD} = {5402B79E-2D8D-4735-BD89-0A42D9536A63}
		{EC0F4E15-483E-4456-8E84-7199066DC32F} = {AEA17DCC-A016-493A-B706-FA4A327FF4CD}
		{C7463270-4DBF-4CB2-B361-7D628A9AFADF} = {AEA17DCC-A016-493A-B706-FA4A327FF4CD}
		{56BDF291-03BD-473C-953D-3D460A2EDD92} = {AEA17DCC-A016-493A-B706-FA4A327FF4CD}
		{7EFAC662-70A7-4FFE-BEC7-020F2349298D} = {AEA17DCC-A016-493A-B706-FA4A327FF4CD}
	EndGlobalSection
	GlobalSection(ExtensibilityGlobals) = postSolution
		SolutionGuid = {585D5C1E-76B8-4CC8-A6F3-21996FBA8E9A}
	EndGlobalSection
EndGlobal
